{
  "name": "@smoovy/parallax",
  "version": "0.0.0",
  "lockfileVersion": 1,
  "requires": true,
  "dependencies": {
    "@smoovy/event": {
      "version": "0.1.1",
      "resolved": "https://registry.npmjs.org/@smoovy/event/-/event-0.1.1.tgz",
      "integrity": "sha512-9jTGAQQGIVbITp6yhWemenyeeUravfG+24ukSrVduTRdCSZvxN7aYKOgbghI5xBF10aVIjReA1JNpyv0AsOOZA==",
      "requires": {
        "tslib": "^1.9.3"
      }
    },
    "@smoovy/observer": {
      "version": "0.1.5",
      "resolved": "https://registry.npmjs.org/@smoovy/observer/-/observer-0.1.5.tgz",
      "integrity": "sha512-ykNtOlsCWZWiLN8/p9GIuodRvFLvvyt25XMSh2z+4VvMB6WO1qRh10ROOxG3JHKbuKj5L0qXlbgW/od9DEQszA==",
      "requires": {
        "@smoovy/utils": "^0.1.12",
        "tslib": "^1.9.3"
      }
    },
    "@smoovy/utils": {
      "version": "0.1.12",
      "resolved": "https://registry.npmjs.org/@smoovy/utils/-/utils-0.1.12.tgz",
      "integrity": "sha512-HymNy01bIcT8uns4pDSxOesANMRIVML2E0dSpMsxXSuaD2sMfdnUg0QZwA95liiHy3sQgmoEv/iMBNdht9Jjrg==",
      "requires": {
        "tslib": "^1.9.3"
      }
    },
    "tslib": {
      "version": "1.9.3",
      "resolved": "https://registry.npmjs.org/tslib/-/tslib-1.9.3.tgz",
      "integrity": "sha512-4krF8scpejhaOgqzBEcGM7yDIEfi0/8+8zDRZhNZZ2kjmHJ4hv3zCbQWxoJGz1iw5U0Jl0nma13xzHXcncMavQ=="
    }
  }
}
