{
  "name": "@smoovy/scroller-core",
  "version": "0.0.14",
  "lockfileVersion": 1,
  "requires": true,
  "dependencies": {
    "@smoovy/scroller-core": {
      "version": "0.0.14",
      "resolved": "https://registry.npmjs.org/@smoovy/scroller-core/-/scroller-core-0.0.14.tgz",
      "integrity": "sha512-ovyG99womRSf5XVDZ0VpIGjS4wwwwAxRH55DK+WMF5egcB3DKYxSUu4XJuOXTRbPoDYPWn0yQV/h9vZPUSm3dA==",
      "requires": {
        "@smoovy/observer": "^0.0.13",
        "@smoovy/utils": "^0.1.6",
        "tslib": "^1.9.3"
      },
      "dependencies": {
        "@smoovy/observer": {
          "version": "0.0.13",
          "resolved": "https://registry.npmjs.org/@smoovy/observer/-/observer-0.0.13.tgz",
          "integrity": "sha512-C1rPtM+olp6dJpquIa+qHl5wKGfNNvX0Z4zPn6nmHP4LMwI0UqcH2HgkHtgtWAWdaG2DDNIXdaiH+tbWONAODg==",
          "requires": {
            "@smoovy/utils": "^0.1.6",
            "tslib": "^1.9.3"
          }
        },
        "@smoovy/utils": {
          "version": "0.1.6",
          "resolved": "https://registry.npmjs.org/@smoovy/utils/-/utils-0.1.6.tgz",
          "integrity": "sha512-AmpKaxphKnzRxgNQoI6W5kXnTm8d+VQhICZZgwe7zUaqTJ9iNMZ0lywMChRPz0YQP2l3Pck1xb/0wMijXuLOvA==",
          "requires": {
            "tslib": "^1.9.3"
          }
        }
      }
    },
    "@smoovy/scroller-shared": {
      "version": "0.0.15",
      "resolved": "https://registry.npmjs.org/@smoovy/scroller-shared/-/scroller-shared-0.0.15.tgz",
      "integrity": "sha512-JD+1g0wWU9uYmVmuP6T0xx+WibFHX4O+kUxsLUR5/xfcpbOINPWYlGqafJAMTVrpn7UMSRjurblnGe5QgFuvyA==",
      "requires": {
        "@smoovy/scroller-core": "^0.0.14",
        "@smoovy/utils": "^0.1.6",
        "tslib": "^1.9.3"
      },
      "dependencies": {
        "@smoovy/utils": {
          "version": "0.1.6",
          "resolved": "https://registry.npmjs.org/@smoovy/utils/-/utils-0.1.6.tgz",
          "integrity": "sha512-AmpKaxphKnzRxgNQoI6W5kXnTm8d+VQhICZZgwe7zUaqTJ9iNMZ0lywMChRPz0YQP2l3Pck1xb/0wMijXuLOvA==",
          "requires": {
            "tslib": "^1.9.3"
          }
        }
      }
    },
    "tslib": {
      "version": "1.9.3",
      "resolved": "https://registry.npmjs.org/tslib/-/tslib-1.9.3.tgz",
      "integrity": "sha512-4krF8scpejhaOgqzBEcGM7yDIEfi0/8+8zDRZhNZZ2kjmHJ4hv3zCbQWxoJGz1iw5U0Jl0nma13xzHXcncMavQ=="
    }
  }
}
