{
  "name": "@smoovy/scroller",
  "version": "0.1.0",
  "lockfileVersion": 1,
  "requires": true,
  "dependencies": {
    "@smoovy/observer": {
      "version": "0.0.15",
      "resolved": "https://registry.npmjs.org/@smoovy/observer/-/observer-0.0.15.tgz",
      "integrity": "sha512-0Ds0/0x6ovu/bm95gzgSXG0HWECnEOT0Z+YrCmWrWqcnT88Uc92yNU4XeLDRe6UdwrYFWQHtYp+y116xZL91NQ==",
      "requires": {
        "@smoovy/utils": "^0.1.8",
        "tslib": "^1.9.3"
      }
    },
    "@smoovy/ticker": {
      "version": "0.1.7",
      "resolved": "https://registry.npmjs.org/@smoovy/ticker/-/ticker-0.1.7.tgz",
      "integrity": "sha512-ifYyJwM0ESELNgVw2ayL6EUGmQcZMkExYhoO5h13OdsRqOO2p9JcFPG9K2oHBKwliu/3OgoWuSek66HRQFh0Uw==",
      "requires": {
        "tslib": "^1.9.3"
      }
    },
    "@smoovy/utils": {
      "version": "0.1.8",
      "resolved": "https://registry.npmjs.org/@smoovy/utils/-/utils-0.1.8.tgz",
      "integrity": "sha512-DJ7nEtkyhdVAx5hJgWLQpuciCr4429a6NULjtEYqo5T3SeLMT4ilBD4MGTQ05C/wFCWA7M8FP2dENlb6oSXCeQ==",
      "requires": {
        "tslib": "^1.9.3"
      }
    },
    "tslib": {
      "version": "1.9.3",
      "resolved": "https://registry.npmjs.org/tslib/-/tslib-1.9.3.tgz",
      "integrity": "sha512-4krF8scpejhaOgqzBEcGM7yDIEfi0/8+8zDRZhNZZ2kjmHJ4hv3zCbQWxoJGz1iw5U0Jl0nma13xzHXcncMavQ=="
    }
  }
}
