{
  "name": "@smoovy/scroller",
  "version": "0.0.0",
  "lockfileVersion": 1,
  "requires": true,
  "dependencies": {
    "@smoovy/ticker": {
      "version": "0.1.0",
      "resolved": "https://registry.npmjs.org/@smoovy/ticker/-/ticker-0.1.0.tgz",
      "integrity": "sha512-/XJucnk38omXHj30Jdkxcvhb4GSyzDgLZR4bDH9nRckk6jWjFP6PYD58+7x8HIDURERj2s+fRGlMvJAlnR5xmA==",
      "requires": {
        "tslib": "^1.9.3"
      }
    },
    "@smoovy/tween": {
      "version": "0.1.0",
      "resolved": "https://registry.npmjs.org/@smoovy/tween/-/tween-0.1.0.tgz",
      "integrity": "sha512-a7oH/xpRy6XQ3pd18JwH9UG2sVNrhuOQnmrJoz++UsRKyFonn+8yLznL1IkLGCLPka9Qu5MCuW2rPFsjbK5RjA==",
      "requires": {
        "@smoovy/ticker": "^0.1.0",
        "tslib": "^1.9.3"
      }
    },
    "@smoovy/utils": {
      "version": "0.1.0",
      "resolved": "https://registry.npmjs.org/@smoovy/utils/-/utils-0.1.0.tgz",
      "integrity": "sha512-6AASSxh/JKA8lUeDzGZ2qCXH01zqEHVWII63oq03TP/XrEKNN7VhsUKaUL8T0OdWHKcFTgwOQn9MoWaAbqhgaw==",
      "requires": {
        "tslib": "^1.9.3"
      }
    },
    "tslib": {
      "version": "1.9.3",
      "resolved": "https://registry.npmjs.org/tslib/-/tslib-1.9.3.tgz",
      "integrity": "sha512-4krF8scpejhaOgqzBEcGM7yDIEfi0/8+8zDRZhNZZ2kjmHJ4hv3zCbQWxoJGz1iw5U0Jl0nma13xzHXcncMavQ=="
    }
  }
}
