{
  "name": "@smoovy/scroller",
  "version": "0.4.2",
  "lockfileVersion": 2,
  "requires": true,
  "packages": {
    "": {
      "name": "@smoovy/scroller",
      "version": "0.4.0",
      "license": "MIT",
      "dependencies": {
        "@smoovy/event": "^0.2.1",
        "@smoovy/observer": "^0.4.0",
        "@smoovy/ticker": "^0.1.11",
        "@smoovy/tween": "^0.2.7",
        "@smoovy/utils": "^0.1.16",
        "tslib": "^1.9.3"
      }
    },
    "node_modules/@smoovy/event": {
      "version": "0.2.1",
      "resolved": "https://registry.npmjs.org/@smoovy/event/-/event-0.2.1.tgz",
      "integrity": "sha512-JPGsdUPGO6M2v181nIyPP2DTI81vcORmJVUe+oS8XuCfIShmq5IDFBbCCPuvbRehTddduqHOy/2c3ptZXbq2GA==",
      "dependencies": {
        "tslib": "^1.9.3"
      }
    },
    "node_modules/@smoovy/observer": {
      "version": "0.4.0",
      "resolved": "https://registry.npmjs.org/@smoovy/observer/-/observer-0.4.0.tgz",
      "integrity": "sha512-SZgkpa+F4z0UuvN888aooxgwjCwafx1tRh8kdqVaPR19eiCoripuxZj2jeq4FhXRHMykv/ZHj7NiDORU9bV/7w==",
      "dependencies": {
        "@smoovy/event": "^0.2.1",
        "@smoovy/utils": "^0.1.16",
        "tslib": "^1.9.3"
      }
    },
    "node_modules/@smoovy/ticker": {
      "version": "0.1.11",
      "resolved": "https://registry.npmjs.org/@smoovy/ticker/-/ticker-0.1.11.tgz",
      "integrity": "sha512-55J/RmldqOwxnv+Qd8FiIc1D+/x/0QAoubRl7WFKyz9XpbKMqVUkr11Jms/TXJPLuOACj98B3eV9P88csmxp2g==",
      "dependencies": {
        "tslib": "^1.9.3"
      }
    },
    "node_modules/@smoovy/tween": {
      "version": "0.2.7",
      "resolved": "https://registry.npmjs.org/@smoovy/tween/-/tween-0.2.7.tgz",
      "integrity": "sha512-Xcea/8WDwFGBXMVeB4lw8lI5TZdIvLxyUGE62maKXGpwX34Z4w7nPfsjH18HwRDlDqh3zPgnIF55jHomA/jj9A==",
      "dependencies": {
        "@smoovy/ticker": "^0.1.11",
        "tslib": "^1.9.3"
      }
    },
    "node_modules/@smoovy/utils": {
      "version": "0.1.16",
      "resolved": "https://registry.npmjs.org/@smoovy/utils/-/utils-0.1.16.tgz",
      "integrity": "sha512-7/O4GTn6awtdUHhyBdawntR54Rmv118IqshAfAxyzIBCGhKGajBxN6ETK4RWr+TB/c3UlC0epgjNC6kmnhBQ2g==",
      "dependencies": {
        "tslib": "^1.9.3"
      }
    },
    "node_modules/tslib": {
      "version": "1.9.3",
      "resolved": "https://registry.npmjs.org/tslib/-/tslib-1.9.3.tgz",
      "integrity": "sha512-4krF8scpejhaOgqzBEcGM7yDIEfi0/8+8zDRZhNZZ2kjmHJ4hv3zCbQWxoJGz1iw5U0Jl0nma13xzHXcncMavQ=="
    }
  },
  "dependencies": {
    "@smoovy/event": {
      "version": "0.2.1",
      "resolved": "https://registry.npmjs.org/@smoovy/event/-/event-0.2.1.tgz",
      "integrity": "sha512-JPGsdUPGO6M2v181nIyPP2DTI81vcORmJVUe+oS8XuCfIShmq5IDFBbCCPuvbRehTddduqHOy/2c3ptZXbq2GA==",
      "requires": {
        "tslib": "^1.9.3"
      }
    },
    "@smoovy/observer": {
      "version": "0.4.0",
      "resolved": "https://registry.npmjs.org/@smoovy/observer/-/observer-0.4.0.tgz",
      "integrity": "sha512-SZgkpa+F4z0UuvN888aooxgwjCwafx1tRh8kdqVaPR19eiCoripuxZj2jeq4FhXRHMykv/ZHj7NiDORU9bV/7w==",
      "requires": {
        "@smoovy/event": "^0.2.1",
        "@smoovy/utils": "^0.1.16",
        "tslib": "^1.9.3"
      }
    },
    "@smoovy/ticker": {
      "version": "0.1.11",
      "resolved": "https://registry.npmjs.org/@smoovy/ticker/-/ticker-0.1.11.tgz",
      "integrity": "sha512-55J/RmldqOwxnv+Qd8FiIc1D+/x/0QAoubRl7WFKyz9XpbKMqVUkr11Jms/TXJPLuOACj98B3eV9P88csmxp2g==",
      "requires": {
        "tslib": "^1.9.3"
      }
    },
    "@smoovy/tween": {
      "version": "0.2.7",
      "resolved": "https://registry.npmjs.org/@smoovy/tween/-/tween-0.2.7.tgz",
      "integrity": "sha512-Xcea/8WDwFGBXMVeB4lw8lI5TZdIvLxyUGE62maKXGpwX34Z4w7nPfsjH18HwRDlDqh3zPgnIF55jHomA/jj9A==",
      "requires": {
        "@smoovy/ticker": "^0.1.11",
        "tslib": "^1.9.3"
      }
    },
    "@smoovy/utils": {
      "version": "0.1.16",
      "resolved": "https://registry.npmjs.org/@smoovy/utils/-/utils-0.1.16.tgz",
      "integrity": "sha512-7/O4GTn6awtdUHhyBdawntR54Rmv118IqshAfAxyzIBCGhKGajBxN6ETK4RWr+TB/c3UlC0epgjNC6kmnhBQ2g==",
      "requires": {
        "tslib": "^1.9.3"
      }
    },
    "tslib": {
      "version": "1.9.3",
      "resolved": "https://registry.npmjs.org/tslib/-/tslib-1.9.3.tgz",
      "integrity": "sha512-4krF8scpejhaOgqzBEcGM7yDIEfi0/8+8zDRZhNZZ2kjmHJ4hv3zCbQWxoJGz1iw5U0Jl0nma13xzHXcncMavQ=="
    }
  }
}
