{
  "name": "@smoovy/observer",
  "version": "0.1.7",
  "lockfileVersion": 1,
  "requires": true,
  "dependencies": {
    "@smoovy/event": {
      "version": "0.2.0",
      "resolved": "https://registry.npmjs.org/@smoovy/event/-/event-0.2.0.tgz",
      "integrity": "sha512-FPfXdCWT9AO8s16vBBFfmtmco2Lh4Ng7034QUKJgNnqodogedr3Qz5pLNOHcKKLWNow3deRmYdPluG9F9QKUtg==",
      "requires": {
        "tslib": "^1.9.3"
      }
    },
    "@smoovy/utils": {
      "version": "0.1.13",
      "resolved": "https://registry.npmjs.org/@smoovy/utils/-/utils-0.1.13.tgz",
      "integrity": "sha512-wwYSGJWXWLzeiAKboINrKF2IN8jPrte00LJUZ+QRCzxN4cjiTHyhN558fUvxGEU0ENc9A0d9DS90Nqf5IR8j1A==",
      "requires": {
        "tslib": "^1.9.3"
      }
    },
    "tslib": {
      "version": "1.9.3",
      "resolved": "https://registry.npmjs.org/tslib/-/tslib-1.9.3.tgz",
      "integrity": "sha512-4krF8scpejhaOgqzBEcGM7yDIEfi0/8+8zDRZhNZZ2kjmHJ4hv3zCbQWxoJGz1iw5U0Jl0nma13xzHXcncMavQ=="
    }
  }
}
