{
  "name": "@smoovy/scroller-tween",
  "version": "0.0.1",
  "lockfileVersion": 1,
  "requires": true,
  "dependencies": {
    "@smoovy/observer": {
      "version": "0.0.1",
      "resolved": "https://registry.npmjs.org/@smoovy/observer/-/observer-0.0.1.tgz",
      "integrity": "sha512-T5pP8bpPmbE5x5hAvpYLEcAr8n/O92KnJNrT3gZaMX8bS8zxTGuFs2x1FdpT8Zrk/DN0bLMDCuOzrIe7pOsH8A==",
      "requires": {
        "@smoovy/utils": "^0.1.1",
        "tslib": "^1.9.3"
      }
    },
    "@smoovy/scroller-core": {
      "version": "0.0.1",
      "resolved": "https://registry.npmjs.org/@smoovy/scroller-core/-/scroller-core-0.0.1.tgz",
      "integrity": "sha512-nBGT0FSUgcDQ2f9S+cb/c237qckasbF6L5xfZqV7Kkd5GKkf2AOF4D2RRccjD0yXM+hKQKCKAVYIF3iElyTPbA==",
      "requires": {
        "@smoovy/observer": "^0.0.1",
        "@smoovy/utils": "^0.1.1",
        "tslib": "^1.9.3"
      }
    },
    "@smoovy/scroller-shared": {
      "version": "0.0.1",
      "resolved": "https://registry.npmjs.org/@smoovy/scroller-shared/-/scroller-shared-0.0.1.tgz",
      "integrity": "sha512-aHb9E0vGPVdBenxKuGh6J2rHH381C4yFnLzSwc8BoScMbHFEfxC4gufHdB4TcVQv7WEImFc81l+qJQRAq1vuuQ==",
      "requires": {
        "@smoovy/scroller-core": "^0.0.1",
        "@smoovy/utils": "^0.1.1",
        "tslib": "^1.9.3"
      }
    },
    "@smoovy/ticker": {
      "version": "0.1.1",
      "resolved": "https://registry.npmjs.org/@smoovy/ticker/-/ticker-0.1.1.tgz",
      "integrity": "sha512-bTzWrX7g50EpG5/dd5qTtEvVEmfL8DDpM9qYCyGgNIGfhqNi4hYTdmDrSYkYKoZQPjkXsy3ak44JLbr/Is2TVQ==",
      "requires": {
        "tslib": "^1.9.3"
      }
    },
    "@smoovy/tween": {
      "version": "0.1.1",
      "resolved": "https://registry.npmjs.org/@smoovy/tween/-/tween-0.1.1.tgz",
      "integrity": "sha512-hZ2LuaDhW1Cy/Ti8CVywejli145AgEIQPqER2Brbwzq3pZZALSyOV0obsPM4MJSPAGjXADtpXCNIqpkU4TO5KA==",
      "requires": {
        "@smoovy/ticker": "^0.1.1",
        "tslib": "^1.9.3"
      }
    },
    "@smoovy/utils": {
      "version": "0.1.1",
      "resolved": "https://registry.npmjs.org/@smoovy/utils/-/utils-0.1.1.tgz",
      "integrity": "sha512-SjgLJOC6RxqPMHs/oub5YoO16Q9Y3tlOJheUbm80hqMiUf45JnpLsGa4qSC/54BWTYsa8j/Cpp52S5n0wlmvsQ==",
      "requires": {
        "tslib": "^1.9.3"
      }
    },
    "tslib": {
      "version": "1.9.3",
      "resolved": "https://registry.npmjs.org/tslib/-/tslib-1.9.3.tgz",
      "integrity": "sha512-4krF8scpejhaOgqzBEcGM7yDIEfi0/8+8zDRZhNZZ2kjmHJ4hv3zCbQWxoJGz1iw5U0Jl0nma13xzHXcncMavQ=="
    }
  }
}
